
Microsoft Visual Studio Solution File, Format Version 12.00
# Visual Studio 15
VisualStudioVersion = 15.0.28307.902
MinimumVisualStudioVersion = 10.0.40219.1
Project("{8BC9CEB8-8B4A-11D0-8D11-00A0C91BC942}") = "IBKS_RegFSFilter", "IBKS_RegFSFilter\IBKS_RegFSFilter.vcxproj", "{578F2D8C-8316-4FCD-98E6-2B21FC0FF9C6}"
EndProject
Global
	GlobalSection(SolutionConfigurationPlatforms) = preSolution
		Debug|ARM = Debug|ARM
		Debug|ARM64 = Debug|ARM64
		Debug|x64 = Debug|x64
		Debug|x86 = Debug|x86
		Release|ARM = Release|ARM
		Release|ARM64 = Release|ARM64
		Release|x64 = Release|x64
		Release|x86 = Release|x86
	EndGlobalSection
	GlobalSection(ProjectConfigurationPlatforms) = postSolution
		{578F2D8C-8316-4FCD-98E6-2B21FC0FF9C6}.Debug|ARM.ActiveCfg = Debug|ARM
		{578F2D8C-8316-4FCD-98E6-2B21FC0FF9C6}.Debug|ARM.Build.0 = Debug|ARM
		{578F2D8C-8316-4FCD-98E6-2B21FC0FF9C6}.Debug|ARM.Deploy.0 = Debug|ARM
		{578F2D8C-8316-4FCD-98E6-2B21FC0FF9C6}.Debug|ARM64.ActiveCfg = Debug|ARM64
		{578F2D8C-8316-4FCD-98E6-2B21FC0FF9C6}.Debug|ARM64.Build.0 = Debug|ARM64
		{578F2D8C-8316-4FCD-98E6-2B21FC0FF9C6}.Debug|ARM64.Deploy.0 = Debug|ARM64
		{578F2D8C-8316-4FCD-98E6-2B21FC0FF9C6}.Debug|x64.ActiveCfg = Debug|x64
		{578F2D8C-8316-4FCD-98E6-2B21FC0FF9C6}.Debug|x64.Build.0 = Debug|x64
		{578F2D8C-8316-4FCD-98E6-2B21FC0FF9C6}.Debug|x64.Deploy.0 = Debug|x64
		{578F2D8C-8316-4FCD-98E6-2B21FC0FF9C6}.Debug|x86.ActiveCfg = Debug|Win32
		{578F2D8C-8316-4FCD-98E6-2B21FC0FF9C6}.Debug|x86.Build.0 = Debug|Win32
		{578F2D8C-8316-4FCD-98E6-2B21FC0FF9C6}.Debug|x86.Deploy.0 = Debug|Win32
		{578F2D8C-8316-4FCD-98E6-2B21FC0FF9C6}.Release|ARM.ActiveCfg = Release|ARM
		{578F2D8C-8316-4FCD-98E6-2B21FC0FF9C6}.Release|ARM.Build.0 = Release|ARM
		{578F2D8C-8316-4FCD-98E6-2B21FC0FF9C6}.Release|ARM.Deploy.0 = Release|ARM
		{578F2D8C-8316-4FCD-98E6-2B21FC0FF9C6}.Release|ARM64.ActiveCfg = Release|ARM64
		{578F2D8C-8316-4FCD-98E6-2B21FC0FF9C6}.Release|ARM64.Build.0 = Release|ARM64
		{578F2D8C-8316-4FCD-98E6-2B21FC0FF9C6}.Release|ARM64.Deploy.0 = Release|ARM64
		{578F2D8C-8316-4FCD-98E6-2B21FC0FF9C6}.Release|x64.ActiveCfg = Release|x64
		{578F2D8C-8316-4FCD-98E6-2B21FC0FF9C6}.Release|x64.Build.0 = Release|x64
		{578F2D8C-8316-4FCD-98E6-2B21FC0FF9C6}.Release|x64.Deploy.0 = Release|x64
		{578F2D8C-8316-4FCD-98E6-2B21FC0FF9C6}.Release|x86.ActiveCfg = Release|Win32
		{578F2D8C-8316-4FCD-98E6-2B21FC0FF9C6}.Release|x86.Build.0 = Release|Win32
		{578F2D8C-8316-4FCD-98E6-2B21FC0FF9C6}.Release|x86.Deploy.0 = Release|Win32
	EndGlobalSection
	GlobalSection(SolutionProperties) = preSolution
		HideSolutionNode = FALSE
	EndGlobalSection
	GlobalSection(ExtensibilityGlobals) = postSolution
		SolutionGuid = {336C3C0D-6D5B-47BF-BC10-B53F78E52BA9}
	EndGlobalSection
EndGlobal
